
Microsoft Visual Studio Solution File, Format Version 12.00
# Visual Studio Version 17
VisualStudioVersion = 17.0.31903.59
MinimumVisualStudioVersion = 10.0.40219.1
Project("{8BC9CEB8-8B4A-11D0-8D11-00A0C91BC942}") = "video_search_engine", "video_search_engine\video_search_engine.vcxproj", "{10C5E3D8-32B5-4D5F-9CF6-6D6211FC9FCE}"
EndProject
Project("{8BC9CEB8-8B4A-11D0-8D11-00A0C91BC942}") = "searcher", "searcher\searcher.vcxproj", "{C6AE5546-38FE-40D3-B308-B32290AAC435}"
EndProject
Project("{8BC9CEB8-8B4A-11D0-8D11-00A0C91BC942}") = "test_create_index", "test_create_index\test_create_index.vcxproj", "{34DB8CE8-A6EF-42B8-97CB-21FF5A0E3BD2}"
EndProject
Project("{2150E333-8FDC-42A3-9474-1A3956D46DE8}") = "tests", "tests", "{0058079C-6220-4A6A-95A5-B16E45266A07}"
EndProject
Project("{8BC9CEB8-8B4A-11D0-8D11-00A0C91BC942}") = "test_video_decode", "test_video_decode\test_video_decode.vcxproj", "{DB121685-0680-4AC8-BF93-4E9FD7D5CB3A}"
EndProject
Project("{8BC9CEB8-8B4A-11D0-8D11-00A0C91BC942}") = "create_invert_index", "create_invert_index\create_invert_index.vcxproj", "{1A044C9D-A2E4-430C-B2AE-2737FBC1E9BD}"
EndProject
Project("{8BC9CEB8-8B4A-11D0-8D11-00A0C91BC942}") = "test_video_comparison", "test_video_comparison\test_video_comparison.vcxproj", "{9453BAA3-7854-46C1-9AB2-CD40225BB8D0}"
EndProject
Project("{8BC9CEB8-8B4A-11D0-8D11-00A0C91BC942}") = "test_interval_comparison", "test_interval_comparison\test_interval_comparison.vcxproj", "{8F92D01B-367F-4CF5-8EED-4A4DAA77AE53}"
EndProject
Project("{8BC9CEB8-8B4A-11D0-8D11-00A0C91BC942}") = "test_radon_transform", "test_radon_transform\test_radon_transform.vcxproj", "{8EE9914B-BB13-4F28-A808-56D52F050BA2}"
EndProject
Project("{8BC9CEB8-8B4A-11D0-8D11-00A0C91BC942}") = "test_frame_comparison", "test_frame_comparison\test_frame_comparison.vcxproj", "{E785438C-54F8-407E-80F0-FC39B84B4A1E}"
EndProject
Project("{8BC9CEB8-8B4A-11D0-8D11-00A0C91BC942}") = "demo_searcher", "demo_searcher\demo_searcher.vcxproj", "{2B29B72A-D0A4-40D8-96C6-AF0C84E9965E}"
EndProject
Project("{8BC9CEB8-8B4A-11D0-8D11-00A0C91BC942}") = "create_query_videos", "create_query_videos\create_query_videos.vcxproj", "{F4AC6277-734A-4489-A8D0-4729D6550504}"
EndProject
Project("{2150E333-8FDC-42A3-9474-1A3956D46DE8}") = "Resource Files", "Resource Files", "{8C63C28E-8BBF-47A4-A17B-1EED427BF075}"
	ProjectSection(SolutionItems) = preProject
		rsrc\config.ini = rsrc\config.ini
		Makefile = Makefile
	EndProjectSection
EndProject
Global
	GlobalSection(SolutionConfigurationPlatforms) = preSolution
		Debug|x64 = Debug|x64
		Release|x64 = Release|x64
	EndGlobalSection
	GlobalSection(ProjectConfigurationPlatforms) = postSolution
		{10C5E3D8-32B5-4D5F-9CF6-6D6211FC9FCE}.Debug|x64.ActiveCfg = Debug|x64
		{10C5E3D8-32B5-4D5F-9CF6-6D6211FC9FCE}.Debug|x64.Build.0 = Debug|x64
		{10C5E3D8-32B5-4D5F-9CF6-6D6211FC9FCE}.Release|x64.ActiveCfg = Release|x64
		{10C5E3D8-32B5-4D5F-9CF6-6D6211FC9FCE}.Release|x64.Build.0 = Release|x64
		{C6AE5546-38FE-40D3-B308-B32290AAC435}.Debug|x64.ActiveCfg = Debug|x64
		{C6AE5546-38FE-40D3-B308-B32290AAC435}.Debug|x64.Build.0 = Debug|x64
		{C6AE5546-38FE-40D3-B308-B32290AAC435}.Release|x64.ActiveCfg = Release|x64
		{C6AE5546-38FE-40D3-B308-B32290AAC435}.Release|x64.Build.0 = Release|x64
		{34DB8CE8-A6EF-42B8-97CB-21FF5A0E3BD2}.Debug|x64.ActiveCfg = Debug|x64
		{34DB8CE8-A6EF-42B8-97CB-21FF5A0E3BD2}.Debug|x64.Build.0 = Debug|x64
		{34DB8CE8-A6EF-42B8-97CB-21FF5A0E3BD2}.Release|x64.ActiveCfg = Release|x64
		{34DB8CE8-A6EF-42B8-97CB-21FF5A0E3BD2}.Release|x64.Build.0 = Release|x64
		{DB121685-0680-4AC8-BF93-4E9FD7D5CB3A}.Debug|x64.ActiveCfg = Debug|x64
		{DB121685-0680-4AC8-BF93-4E9FD7D5CB3A}.Debug|x64.Build.0 = Debug|x64
		{DB121685-0680-4AC8-BF93-4E9FD7D5CB3A}.Release|x64.ActiveCfg = Release|x64
		{DB121685-0680-4AC8-BF93-4E9FD7D5CB3A}.Release|x64.Build.0 = Release|x64
		{1A044C9D-A2E4-430C-B2AE-2737FBC1E9BD}.Debug|x64.ActiveCfg = Debug|x64
		{1A044C9D-A2E4-430C-B2AE-2737FBC1E9BD}.Debug|x64.Build.0 = Debug|x64
		{1A044C9D-A2E4-430C-B2AE-2737FBC1E9BD}.Release|x64.ActiveCfg = Release|x64
		{1A044C9D-A2E4-430C-B2AE-2737FBC1E9BD}.Release|x64.Build.0 = Release|x64
		{9453BAA3-7854-46C1-9AB2-CD40225BB8D0}.Debug|x64.ActiveCfg = Debug|x64
		{9453BAA3-7854-46C1-9AB2-CD40225BB8D0}.Debug|x64.Build.0 = Debug|x64
		{9453BAA3-7854-46C1-9AB2-CD40225BB8D0}.Release|x64.ActiveCfg = Release|x64
		{9453BAA3-7854-46C1-9AB2-CD40225BB8D0}.Release|x64.Build.0 = Release|x64
		{8F92D01B-367F-4CF5-8EED-4A4DAA77AE53}.Debug|x64.ActiveCfg = Debug|x64
		{8F92D01B-367F-4CF5-8EED-4A4DAA77AE53}.Debug|x64.Build.0 = Debug|x64
		{8F92D01B-367F-4CF5-8EED-4A4DAA77AE53}.Release|x64.ActiveCfg = Release|x64
		{8F92D01B-367F-4CF5-8EED-4A4DAA77AE53}.Release|x64.Build.0 = Release|x64
		{8EE9914B-BB13-4F28-A808-56D52F050BA2}.Debug|x64.ActiveCfg = Debug|x64
		{8EE9914B-BB13-4F28-A808-56D52F050BA2}.Debug|x64.Build.0 = Debug|x64
		{8EE9914B-BB13-4F28-A808-56D52F050BA2}.Release|x64.ActiveCfg = Release|x64
		{8EE9914B-BB13-4F28-A808-56D52F050BA2}.Release|x64.Build.0 = Release|x64
		{E785438C-54F8-407E-80F0-FC39B84B4A1E}.Debug|x64.ActiveCfg = Debug|x64
		{E785438C-54F8-407E-80F0-FC39B84B4A1E}.Debug|x64.Build.0 = Debug|x64
		{E785438C-54F8-407E-80F0-FC39B84B4A1E}.Release|x64.ActiveCfg = Release|x64
		{E785438C-54F8-407E-80F0-FC39B84B4A1E}.Release|x64.Build.0 = Release|x64
		{2B29B72A-D0A4-40D8-96C6-AF0C84E9965E}.Debug|x64.ActiveCfg = Debug|x64
		{2B29B72A-D0A4-40D8-96C6-AF0C84E9965E}.Debug|x64.Build.0 = Debug|x64
		{2B29B72A-D0A4-40D8-96C6-AF0C84E9965E}.Release|x64.ActiveCfg = Release|x64
		{2B29B72A-D0A4-40D8-96C6-AF0C84E9965E}.Release|x64.Build.0 = Release|x64
		{F4AC6277-734A-4489-A8D0-4729D6550504}.Debug|x64.ActiveCfg = Debug|x64
		{F4AC6277-734A-4489-A8D0-4729D6550504}.Debug|x64.Build.0 = Debug|x64
		{F4AC6277-734A-4489-A8D0-4729D6550504}.Release|x64.ActiveCfg = Release|x64
		{F4AC6277-734A-4489-A8D0-4729D6550504}.Release|x64.Build.0 = Release|x64
	EndGlobalSection
	GlobalSection(SolutionProperties) = preSolution
		HideSolutionNode = FALSE
	EndGlobalSection
	GlobalSection(NestedProjects) = preSolution
		{34DB8CE8-A6EF-42B8-97CB-21FF5A0E3BD2} = {0058079C-6220-4A6A-95A5-B16E45266A07}
		{DB121685-0680-4AC8-BF93-4E9FD7D5CB3A} = {0058079C-6220-4A6A-95A5-B16E45266A07}
		{9453BAA3-7854-46C1-9AB2-CD40225BB8D0} = {0058079C-6220-4A6A-95A5-B16E45266A07}
		{8F92D01B-367F-4CF5-8EED-4A4DAA77AE53} = {0058079C-6220-4A6A-95A5-B16E45266A07}
		{8EE9914B-BB13-4F28-A808-56D52F050BA2} = {0058079C-6220-4A6A-95A5-B16E45266A07}
		{E785438C-54F8-407E-80F0-FC39B84B4A1E} = {0058079C-6220-4A6A-95A5-B16E45266A07}
	EndGlobalSection
	GlobalSection(ExtensibilityGlobals) = postSolution
		SolutionGuid = {1C120B20-06B1-4A00-8C7F-5166F39CAFBF}
	EndGlobalSection
EndGlobal
